// !$*UTF8*$!
{
	archiveVersion = 1;
	classes = {
	};
	objectVersion = 46;
	objects = {

/* Begin PBXBuildFile section */
		6A8B0D411E2F919E009482F5 /* main.m in Sources */ = {isa = PBXBuildFile; fileRef = 6A8B0D401E2F919E009482F5 /* main.m */; };
		6A8B0D441E2F919E009482F5 /* AppDelegate.m in Sources */ = {isa = PBXBuildFile; fileRef = 6A8B0D431E2F919E009482F5 /* AppDelegate.m */; };
		6A8B0D4C1E2F919E009482F5 /* Assets.xcassets in Resources */ = {isa = PBXBuildFile; fileRef = 6A8B0D4B1E2F919E009482F5 /* Assets.xcassets */; };
		6A8B0D901E2F925E009482F5 /* Guide.storyboard in Resources */ = {isa = PBXBuildFile; fileRef = 6A8B0D5A1E2F925E009482F5 /* Guide.storyboard */; };
		6A8B0D911E2F925E009482F5 /* launch@2x.png in Resources */ = {isa = PBXBuildFile; fileRef = 6A8B0D5E1E2F925E009482F5 /* launch@2x.png */; };
		6A8B0D921E2F925E009482F5 /* Launch.storyboard in Resources */ = {isa = PBXBuildFile; fileRef = 6A8B0D5F1E2F925E009482F5 /* Launch.storyboard */; };
		6A8B0D931E2F925E009482F5 /* bg@2x.png in Resources */ = {isa = PBXBuildFile; fileRef = 6A8B0D621E2F925E009482F5 /* bg@2x.png */; };
		6A8B0D941E2F925E009482F5 /* icon_hand.png in Resources */ = {isa = PBXBuildFile; fileRef = 6A8B0D631E2F925E009482F5 /* icon_hand.png */; };
		6A8B0D951E2F925E009482F5 /* iconfont-password.png in Resources */ = {isa = PBXBuildFile; fileRef = 6A8B0D641E2F925E009482F5 /* iconfont-password.png */; };
		6A8B0D961E2F925E009482F5 /* iconfont-user.png in Resources */ = {isa = PBXBuildFile; fileRef = 6A8B0D651E2F925E009482F5 /* iconfont-user.png */; };
		6A8B0D971E2F925E009482F5 /* owl-login-arm-left@2x.png in Resources */ = {isa = PBXBuildFile; fileRef = 6A8B0D661E2F925E009482F5 /* owl-login-arm-left@2x.png */; };
		6A8B0D981E2F925E009482F5 /* owl-login-arm-right@2x.png in Resources */ = {isa = PBXBuildFile; fileRef = 6A8B0D671E2F925E009482F5 /* owl-login-arm-right@2x.png */; };
		6A8B0D991E2F925E009482F5 /* owl-login@2x.png in Resources */ = {isa = PBXBuildFile; fileRef = 6A8B0D681E2F925E009482F5 /* owl-login@2x.png */; };
		6A8B0D9A1E2F925E009482F5 /* Login.storyboard in Resources */ = {isa = PBXBuildFile; fileRef = 6A8B0D691E2F925E009482F5 /* Login.storyboard */; };
		6A8B0D9B1E2F925E009482F5 /* Main.storyboard in Resources */ = {isa = PBXBuildFile; fileRef = 6A8B0D6B1E2F925E009482F5 /* Main.storyboard */; };
		6A8B0D9D1E2F925E009482F5 /* example@2x.png in Resources */ = {isa = PBXBuildFile; fileRef = 6A8B0D701E2F925E009482F5 /* example@2x.png */; };
		6A8B0D9E1E2F925E009482F5 /* tool@2x.png in Resources */ = {isa = PBXBuildFile; fileRef = 6A8B0D711E2F925E009482F5 /* tool@2x.png */; };
		6A8B0D9F1E2F925E009482F5 /* BaseViewController.m in Sources */ = {isa = PBXBuildFile; fileRef = 6A8B0D751E2F925E009482F5 /* BaseViewController.m */; };
		6A8B0DA01E2F925E009482F5 /* GuideViewController.m in Sources */ = {isa = PBXBuildFile; fileRef = 6A8B0D781E2F925E009482F5 /* GuideViewController.m */; };
		6A8B0DA11E2F925E009482F5 /* LaunchViewController.m in Sources */ = {isa = PBXBuildFile; fileRef = 6A8B0D7B1E2F925E009482F5 /* LaunchViewController.m */; };
		6A8B0DA21E2F925E009482F5 /* LoginViewController.m in Sources */ = {isa = PBXBuildFile; fileRef = 6A8B0D7E1E2F925E009482F5 /* LoginViewController.m */; };
		6A8B0DA31E2F925E009482F5 /* LoginView.m in Sources */ = {isa = PBXBuildFile; fileRef = 6A8B0D811E2F925E009482F5 /* LoginView.m */; };
		6A8B0DA41E2F925E009482F5 /* ExampleNavigationController.m in Sources */ = {isa = PBXBuildFile; fileRef = 6A8B0D851E2F925E009482F5 /* ExampleNavigationController.m */; };
		6A8B0DA51E2F925E009482F5 /* ExampleViewController.m in Sources */ = {isa = PBXBuildFile; fileRef = 6A8B0D871E2F925E009482F5 /* ExampleViewController.m */; };
		6A8B0DA61E2F925E009482F5 /* MainViewController.m in Sources */ = {isa = PBXBuildFile; fileRef = 6A8B0D891E2F925E009482F5 /* MainViewController.m */; };
		6A8B0DA71E2F925E009482F5 /* ToolNavigationController.m in Sources */ = {isa = PBXBuildFile; fileRef = 6A8B0D8C1E2F925E009482F5 /* ToolNavigationController.m */; };
		6A8B0DA81E2F925E009482F5 /* ToolsViewController.m in Sources */ = {isa = PBXBuildFile; fileRef = 6A8B0D8E1E2F925E009482F5 /* ToolsViewController.m */; };
		6A8B0DAB1E2F92FE009482F5 /* ViewController.m in Sources */ = {isa = PBXBuildFile; fileRef = 6A8B0DAA1E2F92FE009482F5 /* ViewController.m */; };
		6A8B0DAF1E2F9796009482F5 /* pod_install.sh in Resources */ = {isa = PBXBuildFile; fileRef = 6A8B0DAD1E2F9796009482F5 /* pod_install.sh */; };
		6A8B0DB51E2FAC5B009482F5 /* Guide1@2x.png in Resources */ = {isa = PBXBuildFile; fileRef = 6A8B0DB41E2FAC5B009482F5 /* Guide1@2x.png */; };
		BE99FBC8A7E046EB7E1AE6B1 /* libPods-BaseApp.a in Frameworks */ = {isa = PBXBuildFile; fileRef = B79AAB6D474466A2BA3645E5 /* libPods-BaseApp.a */; };
/* End PBXBuildFile section */

/* Begin PBXFileReference section */
		61E9DDEE1F5B8A052FC96A30 /* Pods-BaseApp.debug.xcconfig */ = {isa = PBXFileReference; includeInIndex = 1; lastKnownFileType = text.xcconfig; name = "Pods-BaseApp.debug.xcconfig"; path = "Pods/Target Support Files/Pods-BaseApp/Pods-BaseApp.debug.xcconfig"; sourceTree = "<group>"; };
		6A8B0D3C1E2F919E009482F5 /* BaseApp.app */ = {isa = PBXFileReference; explicitFileType = wrapper.application; includeInIndex = 0; path = BaseApp.app; sourceTree = BUILT_PRODUCTS_DIR; };
		6A8B0D401E2F919E009482F5 /* main.m */ = {isa = PBXFileReference; lastKnownFileType = sourcecode.c.objc; path = main.m; sourceTree = "<group>"; };
		6A8B0D421E2F919E009482F5 /* AppDelegate.h */ = {isa = PBXFileReference; lastKnownFileType = sourcecode.c.h; path = AppDelegate.h; sourceTree = "<group>"; };
		6A8B0D431E2F919E009482F5 /* AppDelegate.m */ = {isa = PBXFileReference; lastKnownFileType = sourcecode.c.objc; path = AppDelegate.m; sourceTree = "<group>"; };
		6A8B0D4B1E2F919E009482F5 /* Assets.xcassets */ = {isa = PBXFileReference; lastKnownFileType = folder.assetcatalog; path = Assets.xcassets; sourceTree = "<group>"; };
		6A8B0D501E2F919E009482F5 /* Info.plist */ = {isa = PBXFileReference; lastKnownFileType = text.plist.xml; path = Info.plist; sourceTree = "<group>"; };
		6A8B0D5A1E2F925E009482F5 /* Guide.storyboard */ = {isa = PBXFileReference; fileEncoding = 4; lastKnownFileType = file.storyboard; path = Guide.storyboard; sourceTree = "<group>"; };
		6A8B0D5E1E2F925E009482F5 /* launch@2x.png */ = {isa = PBXFileReference; lastKnownFileType = image.png; path = "launch@2x.png"; sourceTree = "<group>"; };
		6A8B0D5F1E2F925E009482F5 /* Launch.storyboard */ = {isa = PBXFileReference; fileEncoding = 4; lastKnownFileType = file.storyboard; path = Launch.storyboard; sourceTree = "<group>"; };
		6A8B0D621E2F925E009482F5 /* bg@2x.png */ = {isa = PBXFileReference; lastKnownFileType = image.png; path = "bg@2x.png"; sourceTree = "<group>"; };
		6A8B0D631E2F925E009482F5 /* icon_hand.png */ = {isa = PBXFileReference; lastKnownFileType = image.png; path = icon_hand.png; sourceTree = "<group>"; };
		6A8B0D641E2F925E009482F5 /* iconfont-password.png */ = {isa = PBXFileReference; lastKnownFileType = image.png; path = "iconfont-password.png"; sourceTree = "<group>"; };
		6A8B0D651E2F925E009482F5 /* iconfont-user.png */ = {isa = PBXFileReference; lastKnownFileType = image.png; path = "iconfont-user.png"; sourceTree = "<group>"; };
		6A8B0D661E2F925E009482F5 /* owl-login-arm-left@2x.png */ = {isa = PBXFileReference; lastKnownFileType = image.png; path = "owl-login-arm-left@2x.png"; sourceTree = "<group>"; };
		6A8B0D671E2F925E009482F5 /* owl-login-arm-right@2x.png */ = {isa = PBXFileReference; lastKnownFileType = image.png; path = "owl-login-arm-right@2x.png"; sourceTree = "<group>"; };
		6A8B0D681E2F925E009482F5 /* owl-login@2x.png */ = {isa = PBXFileReference; lastKnownFileType = image.png; path = "owl-login@2x.png"; sourceTree = "<group>"; };
		6A8B0D691E2F925E009482F5 /* Login.storyboard */ = {isa = PBXFileReference; fileEncoding = 4; lastKnownFileType = file.storyboard; path = Login.storyboard; sourceTree = "<group>"; };
		6A8B0D6C1E2F925E009482F5 /* Base */ = {isa = PBXFileReference; lastKnownFileType = file.storyboard; name = Base; path = Base.lproj/Main.storyboard; sourceTree = "<group>"; };
		6A8B0D701E2F925E009482F5 /* example@2x.png */ = {isa = PBXFileReference; lastKnownFileType = image.png; path = "example@2x.png"; sourceTree = "<group>"; };
		6A8B0D711E2F925E009482F5 /* tool@2x.png */ = {isa = PBXFileReference; lastKnownFileType = image.png; path = "tool@2x.png"; sourceTree = "<group>"; };
		6A8B0D741E2F925E009482F5 /* BaseViewController.h */ = {isa = PBXFileReference; fileEncoding = 4; lastKnownFileType = sourcecode.c.h; path = BaseViewController.h; sourceTree = "<group>"; };
		6A8B0D751E2F925E009482F5 /* BaseViewController.m */ = {isa = PBXFileReference; fileEncoding = 4; lastKnownFileType = sourcecode.c.objc; path = BaseViewController.m; sourceTree = "<group>"; };
		6A8B0D771E2F925E009482F5 /* GuideViewController.h */ = {isa = PBXFileReference; fileEncoding = 4; lastKnownFileType = sourcecode.c.h; path = GuideViewController.h; sourceTree = "<group>"; };
		6A8B0D781E2F925E009482F5 /* GuideViewController.m */ = {isa = PBXFileReference; fileEncoding = 4; lastKnownFileType = sourcecode.c.objc; path = GuideViewController.m; sourceTree = "<group>"; };
		6A8B0D7A1E2F925E009482F5 /* LaunchViewController.h */ = {isa = PBXFileReference; fileEncoding = 4; lastKnownFileType = sourcecode.c.h; path = LaunchViewController.h; sourceTree = "<group>"; };
		6A8B0D7B1E2F925E009482F5 /* LaunchViewController.m */ = {isa = PBXFileReference; fileEncoding = 4; lastKnownFileType = sourcecode.c.objc; path = LaunchViewController.m; sourceTree = "<group>"; };
		6A8B0D7D1E2F925E009482F5 /* LoginViewController.h */ = {isa = PBXFileReference; fileEncoding = 4; lastKnownFileType = sourcecode.c.h; path = LoginViewController.h; sourceTree = "<group>"; };
		6A8B0D7E1E2F925E009482F5 /* LoginViewController.m */ = {isa = PBXFileReference; fileEncoding = 4; lastKnownFileType = sourcecode.c.objc; path = LoginViewController.m; sourceTree = "<group>"; };
		6A8B0D801E2F925E009482F5 /* LoginView.h */ = {isa = PBXFileReference; fileEncoding = 4; lastKnownFileType = sourcecode.c.h; path = LoginView.h; sourceTree = "<group>"; };
		6A8B0D811E2F925E009482F5 /* LoginView.m */ = {isa = PBXFileReference; fileEncoding = 4; lastKnownFileType = sourcecode.c.objc; path = LoginView.m; sourceTree = "<group>"; };
		6A8B0D841E2F925E009482F5 /* ExampleNavigationController.h */ = {isa = PBXFileReference; fileEncoding = 4; lastKnownFileType = sourcecode.c.h; path = ExampleNavigationController.h; sourceTree = "<group>"; };
		6A8B0D851E2F925E009482F5 /* ExampleNavigationController.m */ = {isa = PBXFileReference; fileEncoding = 4; lastKnownFileType = sourcecode.c.objc; path = ExampleNavigationController.m; sourceTree = "<group>"; };
		6A8B0D861E2F925E009482F5 /* ExampleViewController.h */ = {isa = PBXFileReference; fileEncoding = 4; lastKnownFileType = sourcecode.c.h; path = ExampleViewController.h; sourceTree = "<group>"; };
		6A8B0D871E2F925E009482F5 /* ExampleViewController.m */ = {isa = PBXFileReference; fileEncoding = 4; lastKnownFileType = sourcecode.c.objc; path = ExampleViewController.m; sourceTree = "<group>"; };
		6A8B0D881E2F925E009482F5 /* MainViewController.h */ = {isa = PBXFileReference; fileEncoding = 4; lastKnownFileType = sourcecode.c.h; path = MainViewController.h; sourceTree = "<group>"; };
		6A8B0D891E2F925E009482F5 /* MainViewController.m */ = {isa = PBXFileReference; fileEncoding = 4; lastKnownFileType = sourcecode.c.objc; path = MainViewController.m; sourceTree = "<group>"; };
		6A8B0D8B1E2F925E009482F5 /* ToolNavigationController.h */ = {isa = PBXFileReference; fileEncoding = 4; lastKnownFileType = sourcecode.c.h; path = ToolNavigationController.h; sourceTree = "<group>"; };
		6A8B0D8C1E2F925E009482F5 /* ToolNavigationController.m */ = {isa = PBXFileReference; fileEncoding = 4; lastKnownFileType = sourcecode.c.objc; path = ToolNavigationController.m; sourceTree = "<group>"; };
		6A8B0D8D1E2F925E009482F5 /* ToolsViewController.h */ = {isa = PBXFileReference; fileEncoding = 4; lastKnownFileType = sourcecode.c.h; path = ToolsViewController.h; sourceTree = "<group>"; };
		6A8B0D8E1E2F925E009482F5 /* ToolsViewController.m */ = {isa = PBXFileReference; fileEncoding = 4; lastKnownFileType = sourcecode.c.objc; path = ToolsViewController.m; sourceTree = "<group>"; };
		6A8B0DA91E2F92FE009482F5 /* ViewController.h */ = {isa = PBXFileReference; fileEncoding = 4; lastKnownFileType = sourcecode.c.h; path = ViewController.h; sourceTree = "<group>"; };
		6A8B0DAA1E2F92FE009482F5 /* ViewController.m */ = {isa = PBXFileReference; fileEncoding = 4; lastKnownFileType = sourcecode.c.objc; path = ViewController.m; sourceTree = "<group>"; };
		6A8B0DAD1E2F9796009482F5 /* pod_install.sh */ = {isa = PBXFileReference; fileEncoding = 4; lastKnownFileType = text.script.sh; path = pod_install.sh; sourceTree = "<group>"; };
		6A8B0DB41E2FAC5B009482F5 /* Guide1@2x.png */ = {isa = PBXFileReference; lastKnownFileType = image.png; path = "Guide1@2x.png"; sourceTree = "<group>"; };
		B79AAB6D474466A2BA3645E5 /* libPods-BaseApp.a */ = {isa = PBXFileReference; explicitFileType = archive.ar; includeInIndex = 0; path = "libPods-BaseApp.a"; sourceTree = BUILT_PRODUCTS_DIR; };
		BDA411661FA8E97D2432B919 /* Pods-BaseApp.release.xcconfig */ = {isa = PBXFileReference; includeInIndex = 1; lastKnownFileType = text.xcconfig; name = "Pods-BaseApp.release.xcconfig"; path = "Pods/Target Support Files/Pods-BaseApp/Pods-BaseApp.release.xcconfig"; sourceTree = "<group>"; };
/* End PBXFileReference section */

/* Begin PBXFrameworksBuildPhase section */
		6A8B0D391E2F919E009482F5 /* Frameworks */ = {
			isa = PBXFrameworksBuildPhase;
			buildActionMask = 2147483647;
			files = (
				BE99FBC8A7E046EB7E1AE6B1 /* libPods-BaseApp.a in Frameworks */,
			);
			runOnlyForDeploymentPostprocessing = 0;
		};
/* End PBXFrameworksBuildPhase section */

/* Begin PBXGroup section */
		1C6A131F9348350A679455FF /* Pods */ = {
			isa = PBXGroup;
			children = (
				61E9DDEE1F5B8A052FC96A30 /* Pods-BaseApp.debug.xcconfig */,
				BDA411661FA8E97D2432B919 /* Pods-BaseApp.release.xcconfig */,
			);
			name = Pods;
			sourceTree = "<group>";
		};
		6A8B0D331E2F919E009482F5 = {
			isa = PBXGroup;
			children = (
				6A8B0DAD1E2F9796009482F5 /* pod_install.sh */,
				6A8B0D561E2F925E009482F5 /* Client */,
				6A8B0D3E1E2F919E009482F5 /* BaseApp */,
				6A8B0DAC1E2F9777009482F5 /* Frameworks */,
				6A8B0D3D1E2F919E009482F5 /* Products */,
				1C6A131F9348350A679455FF /* Pods */,
			);
			sourceTree = "<group>";
		};
		6A8B0D3D1E2F919E009482F5 /* Products */ = {
			isa = PBXGroup;
			children = (
				6A8B0D3C1E2F919E009482F5 /* BaseApp.app */,
			);
			name = Products;
			sourceTree = "<group>";
		};
		6A8B0D3E1E2F919E009482F5 /* BaseApp */ = {
			isa = PBXGroup;
			children = (
				6A8B0D421E2F919E009482F5 /* AppDelegate.h */,
				6A8B0D431E2F919E009482F5 /* AppDelegate.m */,
				6A8B0D4B1E2F919E009482F5 /* Assets.xcassets */,
				6A8B0D501E2F919E009482F5 /* Info.plist */,
				6A8B0D3F1E2F919E009482F5 /* Supporting Files */,
			);
			path = BaseApp;
			sourceTree = "<group>";
		};
		6A8B0D3F1E2F919E009482F5 /* Supporting Files */ = {
			isa = PBXGroup;
			children = (
				6A8B0D401E2F919E009482F5 /* main.m */,
			);
			name = "Supporting Files";
			sourceTree = "<group>";
		};
		6A8B0D561E2F925E009482F5 /* Client */ = {
			isa = PBXGroup;
			children = (
				6A8B0DA91E2F92FE009482F5 /* ViewController.h */,
				6A8B0DAA1E2F92FE009482F5 /* ViewController.m */,
				6A8B0D571E2F925E009482F5 /* Resources */,
				6A8B0D731E2F925E009482F5 /* UI */,
			);
			path = Client;
			sourceTree = "<group>";
		};
		6A8B0D571E2F925E009482F5 /* Resources */ = {
			isa = PBXGroup;
			children = (
				6A8B0D5C1E2F925E009482F5 /* Launch */,
				6A8B0D591E2F925E009482F5 /* Guide */,
				6A8B0D601E2F925E009482F5 /* Login */,
				6A8B0D6A1E2F925E009482F5 /* Main */,
			);
			path = Resources;
			sourceTree = "<group>";
		};
		6A8B0D591E2F925E009482F5 /* Guide */ = {
			isa = PBXGroup;
			children = (
				6A8B0D5A1E2F925E009482F5 /* Guide.storyboard */,
				6A8B0D5B1E2F925E009482F5 /* images */,
			);
			path = Guide;
			sourceTree = "<group>";
		};
		6A8B0D5B1E2F925E009482F5 /* images */ = {
			isa = PBXGroup;
			children = (
				6A8B0DB41E2FAC5B009482F5 /* Guide1@2x.png */,
			);
			path = images;
			sourceTree = "<group>";
		};
		6A8B0D5C1E2F925E009482F5 /* Launch */ = {
			isa = PBXGroup;
			children = (
				6A8B0D5D1E2F925E009482F5 /* images */,
				6A8B0D5F1E2F925E009482F5 /* Launch.storyboard */,
			);
			path = Launch;
			sourceTree = "<group>";
		};
		6A8B0D5D1E2F925E009482F5 /* images */ = {
			isa = PBXGroup;
			children = (
				6A8B0D5E1E2F925E009482F5 /* launch@2x.png */,
			);
			path = images;
			sourceTree = "<group>";
		};
		6A8B0D601E2F925E009482F5 /* Login */ = {
			isa = PBXGroup;
			children = (
				6A8B0D611E2F925E009482F5 /* images */,
				6A8B0D691E2F925E009482F5 /* Login.storyboard */,
			);
			path = Login;
			sourceTree = "<group>";
		};
		6A8B0D611E2F925E009482F5 /* images */ = {
			isa = PBXGroup;
			children = (
				6A8B0D621E2F925E009482F5 /* bg@2x.png */,
				6A8B0D631E2F925E009482F5 /* icon_hand.png */,
				6A8B0D641E2F925E009482F5 /* iconfont-password.png */,
				6A8B0D651E2F925E009482F5 /* iconfont-user.png */,
				6A8B0D661E2F925E009482F5 /* owl-login-arm-left@2x.png */,
				6A8B0D671E2F925E009482F5 /* owl-login-arm-right@2x.png */,
				6A8B0D681E2F925E009482F5 /* owl-login@2x.png */,
			);
			path = images;
			sourceTree = "<group>";
		};
		6A8B0D6A1E2F925E009482F5 /* Main */ = {
			isa = PBXGroup;
			children = (
				6A8B0D6B1E2F925E009482F5 /* Main.storyboard */,
				6A8B0D6F1E2F925E009482F5 /* images */,
			);
			path = Main;
			sourceTree = "<group>";
		};
		6A8B0D6F1E2F925E009482F5 /* images */ = {
			isa = PBXGroup;
			children = (
				6A8B0D701E2F925E009482F5 /* example@2x.png */,
				6A8B0D711E2F925E009482F5 /* tool@2x.png */,
			);
			path = images;
			sourceTree = "<group>";
		};
		6A8B0D731E2F925E009482F5 /* UI */ = {
			isa = PBXGroup;
			children = (
				6A8B0D741E2F925E009482F5 /* BaseViewController.h */,
				6A8B0D751E2F925E009482F5 /* BaseViewController.m */,
				6A8B0D761E2F925E009482F5 /* Guide */,
				6A8B0D791E2F925E009482F5 /* Launch */,
				6A8B0D7C1E2F925E009482F5 /* Login */,
				6A8B0D821E2F925E009482F5 /* Main */,
			);
			path = UI;
			sourceTree = "<group>";
		};
		6A8B0D761E2F925E009482F5 /* Guide */ = {
			isa = PBXGroup;
			children = (
				6A8B0D771E2F925E009482F5 /* GuideViewController.h */,
				6A8B0D781E2F925E009482F5 /* GuideViewController.m */,
			);
			path = Guide;
			sourceTree = "<group>";
		};
		6A8B0D791E2F925E009482F5 /* Launch */ = {
			isa = PBXGroup;
			children = (
				6A8B0D7A1E2F925E009482F5 /* LaunchViewController.h */,
				6A8B0D7B1E2F925E009482F5 /* LaunchViewController.m */,
			);
			path = Launch;
			sourceTree = "<group>";
		};
		6A8B0D7C1E2F925E009482F5 /* Login */ = {
			isa = PBXGroup;
			children = (
				6A8B0D7D1E2F925E009482F5 /* LoginViewController.h */,
				6A8B0D7E1E2F925E009482F5 /* LoginViewController.m */,
				6A8B0D7F1E2F925E009482F5 /* View */,
			);
			path = Login;
			sourceTree = "<group>";
		};
		6A8B0D7F1E2F925E009482F5 /* View */ = {
			isa = PBXGroup;
			children = (
				6A8B0D801E2F925E009482F5 /* LoginView.h */,
				6A8B0D811E2F925E009482F5 /* LoginView.m */,
			);
			path = View;
			sourceTree = "<group>";
		};
		6A8B0D821E2F925E009482F5 /* Main */ = {
			isa = PBXGroup;
			children = (
				6A8B0D8A1E2F925E009482F5 /* Tool */,
				6A8B0D831E2F925E009482F5 /* Example */,
				6A8B0D881E2F925E009482F5 /* MainViewController.h */,
				6A8B0D891E2F925E009482F5 /* MainViewController.m */,
			);
			path = Main;
			sourceTree = "<group>";
		};
		6A8B0D831E2F925E009482F5 /* Example */ = {
			isa = PBXGroup;
			children = (
				6A8B0D841E2F925E009482F5 /* ExampleNavigationController.h */,
				6A8B0D851E2F925E009482F5 /* ExampleNavigationController.m */,
				6A8B0D861E2F925E009482F5 /* ExampleViewController.h */,
				6A8B0D871E2F925E009482F5 /* ExampleViewController.m */,
			);
			path = Example;
			sourceTree = "<group>";
		};
		6A8B0D8A1E2F925E009482F5 /* Tool */ = {
			isa = PBXGroup;
			children = (
				6A8B0D8B1E2F925E009482F5 /* ToolNavigationController.h */,
				6A8B0D8C1E2F925E009482F5 /* ToolNavigationController.m */,
				6A8B0D8D1E2F925E009482F5 /* ToolsViewController.h */,
				6A8B0D8E1E2F925E009482F5 /* ToolsViewController.m */,
			);
			path = Tool;
			sourceTree = "<group>";
		};
		6A8B0DAC1E2F9777009482F5 /* Frameworks */ = {
			isa = PBXGroup;
			children = (
				B79AAB6D474466A2BA3645E5 /* libPods-BaseApp.a */,
			);
			path = Frameworks;
			sourceTree = "<group>";
		};
/* End PBXGroup section */

/* Begin PBXNativeTarget section */
		6A8B0D3B1E2F919E009482F5 /* BaseApp */ = {
			isa = PBXNativeTarget;
			buildConfigurationList = 6A8B0D531E2F919E009482F5 /* Build configuration list for PBXNativeTarget "BaseApp" */;
			buildPhases = (
				4F8155BEAC66678F81086FCD /* [CP] Check Pods Manifest.lock */,
				6A8B0D381E2F919E009482F5 /* Sources */,
				6A8B0D391E2F919E009482F5 /* Frameworks */,
				6A8B0D3A1E2F919E009482F5 /* Resources */,
				AC3AFEA9AAAAC947AF44D1C8 /* [CP] Embed Pods Frameworks */,
				7ECA1146DAC0BBDBB4D3D686 /* [CP] Copy Pods Resources */,
			);
			buildRules = (
			);
			dependencies = (
			);
			name = BaseApp;
			productName = BaseApp;
			productReference = 6A8B0D3C1E2F919E009482F5 /* BaseApp.app */;
			productType = "com.apple.product-type.application";
		};
/* End PBXNativeTarget section */

/* Begin PBXProject section */
		6A8B0D341E2F919E009482F5 /* Project object */ = {
			isa = PBXProject;
			attributes = {
				LastUpgradeCheck = 0820;
				ORGANIZATIONNAME = zfeng;
				TargetAttributes = {
					6A8B0D3B1E2F919E009482F5 = {
						CreatedOnToolsVersion = 8.2.1;
						DevelopmentTeam = GVH7JZXR3Q;
						ProvisioningStyle = Automatic;
					};
				};
			};
			buildConfigurationList = 6A8B0D371E2F919E009482F5 /* Build configuration list for PBXProject "BaseApp" */;
			compatibilityVersion = "Xcode 3.2";
			developmentRegion = English;
			hasScannedForEncodings = 0;
			knownRegions = (
				en,
				Base,
				"zh-Hans",
			);
			mainGroup = 6A8B0D331E2F919E009482F5;
			productRefGroup = 6A8B0D3D1E2F919E009482F5 /* Products */;
			projectDirPath = "";
			projectRoot = "";
			targets = (
				6A8B0D3B1E2F919E009482F5 /* BaseApp */,
			);
		};
/* End PBXProject section */

/* Begin PBXResourcesBuildPhase section */
		6A8B0D3A1E2F919E009482F5 /* Resources */ = {
			isa = PBXResourcesBuildPhase;
			buildActionMask = 2147483647;
			files = (
				6A8B0D951E2F925E009482F5 /* iconfont-password.png in Resources */,
				6A8B0D901E2F925E009482F5 /* Guide.storyboard in Resources */,
				6A8B0D961E2F925E009482F5 /* iconfont-user.png in Resources */,
				6A8B0DAF1E2F9796009482F5 /* pod_install.sh in Resources */,
				6A8B0D981E2F925E009482F5 /* owl-login-arm-right@2x.png in Resources */,
				6A8B0D4C1E2F919E009482F5 /* Assets.xcassets in Resources */,
				6A8B0D991E2F925E009482F5 /* owl-login@2x.png in Resources */,
				6A8B0D9A1E2F925E009482F5 /* Login.storyboard in Resources */,
				6A8B0D9D1E2F925E009482F5 /* example@2x.png in Resources */,
				6A8B0D921E2F925E009482F5 /* Launch.storyboard in Resources */,
				6A8B0D971E2F925E009482F5 /* owl-login-arm-left@2x.png in Resources */,
				6A8B0D9B1E2F925E009482F5 /* Main.storyboard in Resources */,
				6A8B0DB51E2FAC5B009482F5 /* Guide1@2x.png in Resources */,
				6A8B0D9E1E2F925E009482F5 /* tool@2x.png in Resources */,
				6A8B0D941E2F925E009482F5 /* icon_hand.png in Resources */,
				6A8B0D911E2F925E009482F5 /* launch@2x.png in Resources */,
				6A8B0D931E2F925E009482F5 /* bg@2x.png in Resources */,
			);
			runOnlyForDeploymentPostprocessing = 0;
		};
/* End PBXResourcesBuildPhase section */

/* Begin PBXShellScriptBuildPhase section */
		4F8155BEAC66678F81086FCD /* [CP] Check Pods Manifest.lock */ = {
			isa = PBXShellScriptBuildPhase;
			buildActionMask = 2147483647;
			files = (
			);
			inputPaths = (
			);
			name = "[CP] Check Pods Manifest.lock";
			outputPaths = (
			);
			runOnlyForDeploymentPostprocessing = 0;
			shellPath = /bin/sh;
			shellScript = "diff \"${PODS_ROOT}/../Podfile.lock\" \"${PODS_ROOT}/Manifest.lock\" > /dev/null\nif [ $? != 0 ] ; then\n    # print error to STDERR\n    echo \"error: The sandbox is not in sync with the Podfile.lock. Run 'pod install' or update your CocoaPods installation.\" >&2\n    exit 1\nfi\n";
			showEnvVarsInLog = 0;
		};
		7ECA1146DAC0BBDBB4D3D686 /* [CP] Copy Pods Resources */ = {
			isa = PBXShellScriptBuildPhase;
			buildActionMask = 2147483647;
			files = (
			);
			inputPaths = (
			);
			name = "[CP] Copy Pods Resources";
			outputPaths = (
			);
			runOnlyForDeploymentPostprocessing = 0;
			shellPath = /bin/sh;
			shellScript = "\"${SRCROOT}/Pods/Target Support Files/Pods-BaseApp/Pods-BaseApp-resources.sh\"\n";
			showEnvVarsInLog = 0;
		};
		AC3AFEA9AAAAC947AF44D1C8 /* [CP] Embed Pods Frameworks */ = {
			isa = PBXShellScriptBuildPhase;
			buildActionMask = 2147483647;
			files = (
			);
			inputPaths = (
			);
			name = "[CP] Embed Pods Frameworks";
			outputPaths = (
			);
			runOnlyForDeploymentPostprocessing = 0;
			shellPath = /bin/sh;
			shellScript = "\"${SRCROOT}/Pods/Target Support Files/Pods-BaseApp/Pods-BaseApp-frameworks.sh\"\n";
			showEnvVarsInLog = 0;
		};
/* End PBXShellScriptBuildPhase section */

/* Begin PBXSourcesBuildPhase section */
		6A8B0D381E2F919E009482F5 /* Sources */ = {
			isa = PBXSourcesBuildPhase;
			buildActionMask = 2147483647;
			files = (
				6A8B0DA61E2F925E009482F5 /* MainViewController.m in Sources */,
				6A8B0D9F1E2F925E009482F5 /* BaseViewController.m in Sources */,
				6A8B0DA31E2F925E009482F5 /* LoginView.m in Sources */,
				6A8B0DA01E2F925E009482F5 /* GuideViewController.m in Sources */,
				6A8B0D441E2F919E009482F5 /* AppDelegate.m in Sources */,
				6A8B0DA41E2F925E009482F5 /* ExampleNavigationController.m in Sources */,
				6A8B0DAB1E2F92FE009482F5 /* ViewController.m in Sources */,
				6A8B0DA21E2F925E009482F5 /* LoginViewController.m in Sources */,
				6A8B0DA51E2F925E009482F5 /* ExampleViewController.m in Sources */,
				6A8B0DA81E2F925E009482F5 /* ToolsViewController.m in Sources */,
				6A8B0D411E2F919E009482F5 /* main.m in Sources */,
				6A8B0DA11E2F925E009482F5 /* LaunchViewController.m in Sources */,
				6A8B0DA71E2F925E009482F5 /* ToolNavigationController.m in Sources */,
			);
			runOnlyForDeploymentPostprocessing = 0;
		};
/* End PBXSourcesBuildPhase section */

/* Begin PBXVariantGroup section */
		6A8B0D6B1E2F925E009482F5 /* Main.storyboard */ = {
			isa = PBXVariantGroup;
			children = (
				6A8B0D6C1E2F925E009482F5 /* Base */,
			);
			name = Main.storyboard;
			sourceTree = "<group>";
		};
/* End PBXVariantGroup section */

/* Begin XCBuildConfiguration section */
		6A8B0D511E2F919E009482F5 /* Debug */ = {
			isa = XCBuildConfiguration;
			buildSettings = {
				ALWAYS_SEARCH_USER_PATHS = NO;
				CLANG_ANALYZER_NONNULL = YES;
				CLANG_CXX_LANGUAGE_STANDARD = "gnu++0x";
				CLANG_CXX_LIBRARY = "libc++";
				CLANG_ENABLE_MODULES = YES;
				CLANG_ENABLE_OBJC_ARC = YES;
				CLANG_WARN_BOOL_CONVERSION = YES;
				CLANG_WARN_CONSTANT_CONVERSION = YES;
				CLANG_WARN_DIRECT_OBJC_ISA_USAGE = YES_ERROR;
				CLANG_WARN_DOCUMENTATION_COMMENTS = YES;
				CLANG_WARN_EMPTY_BODY = YES;
				CLANG_WARN_ENUM_CONVERSION = YES;
				CLANG_WARN_INFINITE_RECURSION = YES;
				CLANG_WARN_INT_CONVERSION = YES;
				CLANG_WARN_OBJC_ROOT_CLASS = YES_ERROR;
				CLANG_WARN_SUSPICIOUS_MOVE = YES;
				CLANG_WARN_UNREACHABLE_CODE = YES;
				CLANG_WARN__DUPLICATE_METHOD_MATCH = YES;
				"CODE_SIGN_IDENTITY[sdk=iphoneos*]" = "iPhone Developer";
				COPY_PHASE_STRIP = NO;
				DEBUG_INFORMATION_FORMAT = dwarf;
				ENABLE_STRICT_OBJC_MSGSEND = YES;
				ENABLE_TESTABILITY = YES;
				GCC_C_LANGUAGE_STANDARD = gnu99;
				GCC_DYNAMIC_NO_PIC = NO;
				GCC_NO_COMMON_BLOCKS = YES;
				GCC_OPTIMIZATION_LEVEL = 0;
				GCC_PREPROCESSOR_DEFINITIONS = (
					"DEBUG=1",
					"$(inherited)",
				);
				GCC_WARN_64_TO_32_BIT_CONVERSION = YES;
				GCC_WARN_ABOUT_RETURN_TYPE = YES_ERROR;
				GCC_WARN_UNDECLARED_SELECTOR = YES;
				GCC_WARN_UNINITIALIZED_AUTOS = YES_AGGRESSIVE;
				GCC_WARN_UNUSED_FUNCTION = YES;
				GCC_WARN_UNUSED_VARIABLE = YES;
				IPHONEOS_DEPLOYMENT_TARGET = 10.2;
				MTL_ENABLE_DEBUG_INFO = YES;
				ONLY_ACTIVE_ARCH = YES;
				SDKROOT = iphoneos;
				TARGETED_DEVICE_FAMILY = "1,2";
			};
			name = Debug;
		};
		6A8B0D521E2F919E009482F5 /* Release */ = {
			isa = XCBuildConfiguration;
			buildSettings = {
				ALWAYS_SEARCH_USER_PATHS = NO;
				CLANG_ANALYZER_NONNULL = YES;
				CLANG_CXX_LANGUAGE_STANDARD = "gnu++0x";
				CLANG_CXX_LIBRARY = "libc++";
				CLANG_ENABLE_MODULES = YES;
				CLANG_ENABLE_OBJC_ARC = YES;
				CLANG_WARN_BOOL_CONVERSION = YES;
				CLANG_WARN_CONSTANT_CONVERSION = YES;
				CLANG_WARN_DIRECT_OBJC_ISA_USAGE = YES_ERROR;
				CLANG_WARN_DOCUMENTATION_COMMENTS = YES;
				CLANG_WARN_EMPTY_BODY = YES;
				CLANG_WARN_ENUM_CONVERSION = YES;
				CLANG_WARN_INFINITE_RECURSION = YES;
				CLANG_WARN_INT_CONVERSION = YES;
				CLANG_WARN_OBJC_ROOT_CLASS = YES_ERROR;
				CLANG_WARN_SUSPICIOUS_MOVE = YES;
				CLANG_WARN_UNREACHABLE_CODE = YES;
				CLANG_WARN__DUPLICATE_METHOD_MATCH = YES;
				"CODE_SIGN_IDENTITY[sdk=iphoneos*]" = "iPhone Developer";
				COPY_PHASE_STRIP = NO;
				DEBUG_INFORMATION_FORMAT = "dwarf-with-dsym";
				ENABLE_NS_ASSERTIONS = NO;
				ENABLE_STRICT_OBJC_MSGSEND = YES;
				GCC_C_LANGUAGE_STANDARD = gnu99;
				GCC_NO_COMMON_BLOCKS = YES;
				GCC_WARN_64_TO_32_BIT_CONVERSION = YES;
				GCC_WARN_ABOUT_RETURN_TYPE = YES_ERROR;
				GCC_WARN_UNDECLARED_SELECTOR = YES;
				GCC_WARN_UNINITIALIZED_AUTOS = YES_AGGRESSIVE;
				GCC_WARN_UNUSED_FUNCTION = YES;
				GCC_WARN_UNUSED_VARIABLE = YES;
				IPHONEOS_DEPLOYMENT_TARGET = 10.2;
				MTL_ENABLE_DEBUG_INFO = NO;
				SDKROOT = iphoneos;
				TARGETED_DEVICE_FAMILY = "1,2";
				VALIDATE_PRODUCT = YES;
			};
			name = Release;
		};
		6A8B0D541E2F919E009482F5 /* Debug */ = {
			isa = XCBuildConfiguration;
			baseConfigurationReference = 61E9DDEE1F5B8A052FC96A30 /* Pods-BaseApp.debug.xcconfig */;
			buildSettings = {
				ASSETCATALOG_COMPILER_APPICON_NAME = AppIcon;
				DEVELOPMENT_TEAM = GVH7JZXR3Q;
				INFOPLIST_FILE = BaseApp/Info.plist;
				IPHONEOS_DEPLOYMENT_TARGET = 9.0;
				LD_RUNPATH_SEARCH_PATHS = "$(inherited) @executable_path/Frameworks";
				PRODUCT_BUNDLE_IDENTIFIER = com.sowmango.BaseApp;
				PRODUCT_NAME = "$(TARGET_NAME)";
			};
			name = Debug;
		};
		6A8B0D551E2F919E009482F5 /* Release */ = {
			isa = XCBuildConfiguration;
			baseConfigurationReference = BDA411661FA8E97D2432B919 /* Pods-BaseApp.release.xcconfig */;
			buildSettings = {
				ASSETCATALOG_COMPILER_APPICON_NAME = AppIcon;
				DEVELOPMENT_TEAM = GVH7JZXR3Q;
				INFOPLIST_FILE = BaseApp/Info.plist;
				IPHONEOS_DEPLOYMENT_TARGET = 9.0;
				LD_RUNPATH_SEARCH_PATHS = "$(inherited) @executable_path/Frameworks";
				PRODUCT_BUNDLE_IDENTIFIER = com.sowmango.BaseApp;
				PRODUCT_NAME = "$(TARGET_NAME)";
			};
			name = Release;
		};
/* End XCBuildConfiguration section */

/* Begin XCConfigurationList section */
		6A8B0D371E2F919E009482F5 /* Build configuration list for PBXProject "BaseApp" */ = {
			isa = XCConfigurationList;
			buildConfigurations = (
				6A8B0D511E2F919E009482F5 /* Debug */,
				6A8B0D521E2F919E009482F5 /* Release */,
			);
			defaultConfigurationIsVisible = 0;
			defaultConfigurationName = Release;
		};
		6A8B0D531E2F919E009482F5 /* Build configuration list for PBXNativeTarget "BaseApp" */ = {
			isa = XCConfigurationList;
			buildConfigurations = (
				6A8B0D541E2F919E009482F5 /* Debug */,
				6A8B0D551E2F919E009482F5 /* Release */,
			);
			defaultConfigurationIsVisible = 0;
			defaultConfigurationName = Release;
		};
/* End XCConfigurationList section */
	};
	rootObject = 6A8B0D341E2F919E009482F5 /* Project object */;
}
